// !$*UTF8*$!
{
	archiveVersion = 1;
	classes = {
	};
	objectVersion = 56;
	objects = {

/* Begin PBXBuildFile section */
		FC260B28293A3E6500185C3C /* A.wav in Resources */ = {isa = PBXBuildFile; fileRef = FC260B21293A3E6500185C3C /* A.wav */; };
		FC260B29293A3E6500185C3C /* C.wav in Resources */ = {isa = PBXBuildFile; fileRef = FC260B22293A3E6500185C3C /* C.wav */; };
		FC260B2A293A3E6500185C3C /* B.wav in Resources */ = {isa = PBXBuildFile; fileRef = FC260B23293A3E6500185C3C /* B.wav */; };
		FC260B2B293A3E6500185C3C /* F.wav in Resources */ = {isa = PBXBuildFile; fileRef = FC260B24293A3E6500185C3C /* F.wav */; };
		FC260B2C293A3E6500185C3C /* G.wav in Resources */ = {isa = PBXBuildFile; fileRef = FC260B25293A3E6500185C3C /* G.wav */; };
		FC260B2D293A3E6500185C3C /* E.wav in Resources */ = {isa = PBXBuildFile; fileRef = FC260B26293A3E6500185C3C /* E.wav */; };
		FC260B2E293A3E6500185C3C /* D.wav in Resources */ = {isa = PBXBuildFile; fileRef = FC260B27293A3E6500185C3C /* D.wav */; };
		FCE9BD9A293A27E200220BC1 /* AppDelegate.swift in Sources */ = {isa = PBXBuildFile; fileRef = FCE9BD99293A27E200220BC1 /* AppDelegate.swift */; };
		FCE9BD9C293A27E200220BC1 /* SceneDelegate.swift in Sources */ = {isa = PBXBuildFile; fileRef = FCE9BD9B293A27E200220BC1 /* SceneDelegate.swift */; };
		FCE9BD9E293A27E200220BC1 /* ViewController.swift in Sources */ = {isa = PBXBuildFile; fileRef = FCE9BD9D293A27E200220BC1 /* ViewController.swift */; };
		FCE9BDA1293A27E200220BC1 /* Main.storyboard in Resources */ = {isa = PBXBuildFile; fileRef = FCE9BD9F293A27E200220BC1 /* Main.storyboard */; };
		FCE9BDA3293A27E400220BC1 /* Assets.xcassets in Resources */ = {isa = PBXBuildFile; fileRef = FCE9BDA2293A27E400220BC1 /* Assets.xcassets */; };
		FCE9BDA6293A27E400220BC1 /* LaunchScreen.storyboard in Resources */ = {isa = PBXBuildFile; fileRef = FCE9BDA4293A27E400220BC1 /* LaunchScreen.storyboard */; };
/* End PBXBuildFile section */

/* Begin PBXFileReference section */
		FC260B21293A3E6500185C3C /* A.wav */ = {isa = PBXFileReference; lastKnownFileType = audio.wav; path = A.wav; sourceTree = "<group>"; };
		FC260B22293A3E6500185C3C /* C.wav */ = {isa = PBXFileReference; lastKnownFileType = audio.wav; path = C.wav; sourceTree = "<group>"; };
		FC260B23293A3E6500185C3C /* B.wav */ = {isa = PBXFileReference; lastKnownFileType = audio.wav; path = B.wav; sourceTree = "<group>"; };
		FC260B24293A3E6500185C3C /* F.wav */ = {isa = PBXFileReference; lastKnownFileType = audio.wav; path = F.wav; sourceTree = "<group>"; };
		FC260B25293A3E6500185C3C /* G.wav */ = {isa = PBXFileReference; lastKnownFileType = audio.wav; path = G.wav; sourceTree = "<group>"; };
		FC260B26293A3E6500185C3C /* E.wav */ = {isa = PBXFileReference; lastKnownFileType = audio.wav; path = E.wav; sourceTree = "<group>"; };
		FC260B27293A3E6500185C3C /* D.wav */ = {isa = PBXFileReference; lastKnownFileType = audio.wav; path = D.wav; sourceTree = "<group>"; };
		FCE9BD96293A27E200220BC1 /* Xylophone.app */ = {isa = PBXFileReference; explicitFileType = wrapper.application; includeInIndex = 0; path = Xylophone.app; sourceTree = BUILT_PRODUCTS_DIR; };
		FCE9BD99293A27E200220BC1 /* AppDelegate.swift */ = {isa = PBXFileReference; lastKnownFileType = sourcecode.swift; path = AppDelegate.swift; sourceTree = "<group>"; };
		FCE9BD9B293A27E200220BC1 /* SceneDelegate.swift */ = {isa = PBXFileReference; lastKnownFileType = sourcecode.swift; path = SceneDelegate.swift; sourceTree = "<group>"; };
		FCE9BD9D293A27E200220BC1 /* ViewController.swift */ = {isa = PBXFileReference; lastKnownFileType = sourcecode.swift; path = ViewController.swift; sourceTree = "<group>"; };
		FCE9BDA0293A27E200220BC1 /* Base */ = {isa = PBXFileReference; lastKnownFileType = file.storyboard; name = Base; path = Base.lproj/Main.storyboard; sourceTree = "<group>"; };
		FCE9BDA2293A27E400220BC1 /* Assets.xcassets */ = {isa = PBXFileReference; lastKnownFileType = folder.assetcatalog; path = Assets.xcassets; sourceTree = "<group>"; };
		FCE9BDA5293A27E400220BC1 /* Base */ = {isa = PBXFileReference; lastKnownFileType = file.storyboard; name = Base; path = Base.lproj/LaunchScreen.storyboard; sourceTree = "<group>"; };
		FCE9BDA7293A27E400220BC1 /* Info.plist */ = {isa = PBXFileReference; lastKnownFileType = text.plist.xml; path = Info.plist; sourceTree = "<group>"; };
/* End PBXFileReference section */

/* Begin PBXFrameworksBuildPhase section */
		FCE9BD93293A27E200220BC1 /* Frameworks */ = {
			isa = PBXFrameworksBuildPhase;
			buildActionMask = 2147483647;
			files = (
			);
			runOnlyForDeploymentPostprocessing = 0;
		};
/* End PBXFrameworksBuildPhase section */

/* Begin PBXGroup section */
		FC260B20293A3E6500185C3C /* Sounds */ = {
			isa = PBXGroup;
			children = (
				FC260B21293A3E6500185C3C /* A.wav */,
				FC260B22293A3E6500185C3C /* C.wav */,
				FC260B23293A3E6500185C3C /* B.wav */,
				FC260B24293A3E6500185C3C /* F.wav */,
				FC260B25293A3E6500185C3C /* G.wav */,
				FC260B26293A3E6500185C3C /* E.wav */,
				FC260B27293A3E6500185C3C /* D.wav */,
			);
			name = Sounds;
			path = Xylophone/Sounds;
			sourceTree = "<group>";
		};
		FCE9BD8D293A27E200220BC1 = {
			isa = PBXGroup;
			children = (
				FC260B20293A3E6500185C3C /* Sounds */,
				FCE9BD98293A27E200220BC1 /* Xylophone */,
				FCE9BD97293A27E200220BC1 /* Products */,
			);
			sourceTree = "<group>";
		};
		FCE9BD97293A27E200220BC1 /* Products */ = {
			isa = PBXGroup;
			children = (
				FCE9BD96293A27E200220BC1 /* Xylophone.app */,
			);
			name = Products;
			sourceTree = "<group>";
		};
		FCE9BD98293A27E200220BC1 /* Xylophone */ = {
			isa = PBXGroup;
			children = (
				FCE9BD99293A27E200220BC1 /* AppDelegate.swift */,
				FCE9BD9B293A27E200220BC1 /* SceneDelegate.swift */,
				FCE9BD9D293A27E200220BC1 /* ViewController.swift */,
				FCE9BD9F293A27E200220BC1 /* Main.storyboard */,
				FCE9BDA2293A27E400220BC1 /* Assets.xcassets */,
				FCE9BDA4293A27E400220BC1 /* LaunchScreen.storyboard */,
				FCE9BDA7293A27E400220BC1 /* Info.plist */,
			);
			path = Xylophone;
			sourceTree = "<group>";
		};
/* End PBXGroup section */

/* Begin PBXNativeTarget section */
		FCE9BD95293A27E200220BC1 /* Xylophone */ = {
			isa = PBXNativeTarget;
			buildConfigurationList = FCE9BDAA293A27E400220BC1 /* Build configuration list for PBXNativeTarget "Xylophone" */;
			buildPhases = (
				FCE9BD92293A27E200220BC1 /* Sources */,
				FCE9BD93293A27E200220BC1 /* Frameworks */,
				FCE9BD94293A27E200220BC1 /* Resources */,
			);
			buildRules = (
			);
			dependencies = (
			);
			name = Xylophone;
			productName = Xylophone;
			productReference = FCE9BD96293A27E200220BC1 /* Xylophone.app */;
			productType = "com.apple.product-type.application";
		};
/* End PBXNativeTarget section */

/* Begin PBXProject section */
		FCE9BD8E293A27E200220BC1 /* Project object */ = {
			isa = PBXProject;
			attributes = {
				BuildIndependentTargetsInParallel = 1;
				LastSwiftUpdateCheck = 1410;
				LastUpgradeCheck = 1410;
				TargetAttributes = {
					FCE9BD95293A27E200220BC1 = {
						CreatedOnToolsVersion = 14.1;
					};
				};
			};
			buildConfigurationList = FCE9BD91293A27E200220BC1 /* Build configuration list for PBXProject "Xylophone" */;
			compatibilityVersion = "Xcode 14.0";
			developmentRegion = en;
			hasScannedForEncodings = 0;
			knownRegions = (
				en,
				Base,
			);
			mainGroup = FCE9BD8D293A27E200220BC1;
			productRefGroup = FCE9BD97293A27E200220BC1 /* Products */;
			projectDirPath = "";
			projectRoot = "";
			targets = (
				FCE9BD95293A27E200220BC1 /* Xylophone */,
			);
		};
/* End PBXProject section */

/* Begin PBXResourcesBuildPhase section */
		FCE9BD94293A27E200220BC1 /* Resources */ = {
			isa = PBXResourcesBuildPhase;
			buildActionMask = 2147483647;
			files = (
				FC260B2C293A3E6500185C3C /* G.wav in Resources */,
				FCE9BDA6293A27E400220BC1 /* LaunchScreen.storyboard in Resources */,
				FC260B2B293A3E6500185C3C /* F.wav in Resources */,
				FCE9BDA3293A27E400220BC1 /* Assets.xcassets in Resources */,
				FC260B28293A3E6500185C3C /* A.wav in Resources */,
				FC260B2A293A3E6500185C3C /* B.wav in Resources */,
				FC260B2D293A3E6500185C3C /* E.wav in Resources */,
				FC260B2E293A3E6500185C3C /* D.wav in Resources */,
				FCE9BDA1293A27E200220BC1 /* Main.storyboard in Resources */,
				FC260B29293A3E6500185C3C /* C.wav in Resources */,
			);
			runOnlyForDeploymentPostprocessing = 0;
		};
/* End PBXResourcesBuildPhase section */

/* Begin PBXSourcesBuildPhase section */
		FCE9BD92293A27E200220BC1 /* Sources */ = {
			isa = PBXSourcesBuildPhase;
			buildActionMask = 2147483647;
			files = (
				FCE9BD9E293A27E200220BC1 /* ViewController.swift in Sources */,
				FCE9BD9A293A27E200220BC1 /* AppDelegate.swift in Sources */,
				FCE9BD9C293A27E200220BC1 /* SceneDelegate.swift in Sources */,
			);
			runOnlyForDeploymentPostprocessing = 0;
		};
/* End PBXSourcesBuildPhase section */

/* Begin PBXVariantGroup section */
		FCE9BD9F293A27E200220BC1 /* Main.storyboard */ = {
			isa = PBXVariantGroup;
			children = (
				FCE9BDA0293A27E200220BC1 /* Base */,
			);
			name = Main.storyboard;
			sourceTree = "<group>";
		};
		FCE9BDA4293A27E400220BC1 /* LaunchScreen.storyboard */ = {
			isa = PBXVariantGroup;
			children = (
				FCE9BDA5293A27E400220BC1 /* Base */,
			);
			name = LaunchScreen.storyboard;
			sourceTree = "<group>";
		};
/* End PBXVariantGroup section */

/* Begin XCBuildConfiguration section */
		FCE9BDA8293A27E400220BC1 /* Debug */ = {
			isa = XCBuildConfiguration;
			buildSettings = {
				ALWAYS_SEARCH_USER_PATHS = NO;
				CLANG_ANALYZER_NONNULL = YES;
				CLANG_ANALYZER_NUMBER_OBJECT_CONVERSION = YES_AGGRESSIVE;
				CLANG_CXX_LANGUAGE_STANDARD = "gnu++20";
				CLANG_ENABLE_MODULES = YES;
				CLANG_ENABLE_OBJC_ARC = YES;
				CLANG_ENABLE_OBJC_WEAK = YES;
				CLANG_WARN_BLOCK_CAPTURE_AUTORELEASING = YES;
				CLANG_WARN_BOOL_CONVERSION = YES;
				CLANG_WARN_COMMA = YES;
				CLANG_WARN_CONSTANT_CONVERSION = YES;
				CLANG_WARN_DEPRECATED_OBJC_IMPLEMENTATIONS = YES;
				CLANG_WARN_DIRECT_OBJC_ISA_USAGE = YES_ERROR;
				CLANG_WARN_DOCUMENTATION_COMMENTS = YES;
				CLANG_WARN_EMPTY_BODY = YES;
				CLANG_WARN_ENUM_CONVERSION = YES;
				CLANG_WARN_INFINITE_RECURSION = YES;
				CLANG_WARN_INT_CONVERSION = YES;
				CLANG_WARN_NON_LITERAL_NULL_CONVERSION = YES;
				CLANG_WARN_OBJC_IMPLICIT_RETAIN_SELF = YES;
				CLANG_WARN_OBJC_LITERAL_CONVERSION = YES;
				CLANG_WARN_OBJC_ROOT_CLASS = YES_ERROR;
				CLANG_WARN_QUOTED_INCLUDE_IN_FRAMEWORK_HEADER = YES;
				CLANG_WARN_RANGE_LOOP_ANALYSIS = YES;
				CLANG_WARN_STRICT_PROTOTYPES = YES;
				CLANG_WARN_SUSPICIOUS_MOVE = YES;
				CLANG_WARN_UNGUARDED_AVAILABILITY = YES_AGGRESSIVE;
				CLANG_WARN_UNREACHABLE_CODE = YES;
				CLANG_WARN__DUPLICATE_METHOD_MATCH = YES;
				COPY_PHASE_STRIP = NO;
				DEBUG_INFORMATION_FORMAT = dwarf;
				ENABLE_STRICT_OBJC_MSGSEND = YES;
				ENABLE_TESTABILITY = YES;
				GCC_C_LANGUAGE_STANDARD = gnu11;
				GCC_DYNAMIC_NO_PIC = NO;
				GCC_NO_COMMON_BLOCKS = YES;
				GCC_OPTIMIZATION_LEVEL = 0;
				GCC_PREPROCESSOR_DEFINITIONS = (
					"DEBUG=1",
					"$(inherited)",
				);
				GCC_WARN_64_TO_32_BIT_CONVERSION = YES;
				GCC_WARN_ABOUT_RETURN_TYPE = YES_ERROR;
				GCC_WARN_UNDECLARED_SELECTOR = YES;
				GCC_WARN_UNINITIALIZED_AUTOS = YES_AGGRESSIVE;
				GCC_WARN_UNUSED_FUNCTION = YES;
				GCC_WARN_UNUSED_VARIABLE = YES;
				IPHONEOS_DEPLOYMENT_TARGET = 16.1;
				MTL_ENABLE_DEBUG_INFO = INCLUDE_SOURCE;
				MTL_FAST_MATH = YES;
				ONLY_ACTIVE_ARCH = YES;
				SDKROOT = iphoneos;
				SWIFT_ACTIVE_COMPILATION_CONDITIONS = DEBUG;
				SWIFT_OPTIMIZATION_LEVEL = "-Onone";
			};
			name = Debug;
		};
		FCE9BDA9293A27E400220BC1 /* Release */ = {
			isa = XCBuildConfiguration;
			buildSettings = {
				ALWAYS_SEARCH_USER_PATHS = NO;
				CLANG_ANALYZER_NONNULL = YES;
				CLANG_ANALYZER_NUMBER_OBJECT_CONVERSION = YES_AGGRESSIVE;
				CLANG_CXX_LANGUAGE_STANDARD = "gnu++20";
				CLANG_ENABLE_MODULES = YES;
				CLANG_ENABLE_OBJC_ARC = YES;
				CLANG_ENABLE_OBJC_WEAK = YES;
				CLANG_WARN_BLOCK_CAPTURE_AUTORELEASING = YES;
				CLANG_WARN_BOOL_CONVERSION = YES;
				CLANG_WARN_COMMA = YES;
				CLANG_WARN_CONSTANT_CONVERSION = YES;
				CLANG_WARN_DEPRECATED_OBJC_IMPLEMENTATIONS = YES;
				CLANG_WARN_DIRECT_OBJC_ISA_USAGE = YES_ERROR;
				CLANG_WARN_DOCUMENTATION_COMMENTS = YES;
				CLANG_WARN_EMPTY_BODY = YES;
				CLANG_WARN_ENUM_CONVERSION = YES;
				CLANG_WARN_INFINITE_RECURSION = YES;
				CLANG_WARN_INT_CONVERSION = YES;
				CLANG_WARN_NON_LITERAL_NULL_CONVERSION = YES;
				CLANG_WARN_OBJC_IMPLICIT_RETAIN_SELF = YES;
				CLANG_WARN_OBJC_LITERAL_CONVERSION = YES;
				CLANG_WARN_OBJC_ROOT_CLASS = YES_ERROR;
				CLANG_WARN_QUOTED_INCLUDE_IN_FRAMEWORK_HEADER = YES;
				CLANG_WARN_RANGE_LOOP_ANALYSIS = YES;
				CLANG_WARN_STRICT_PROTOTYPES = YES;
				CLANG_WARN_SUSPICIOUS_MOVE = YES;
				CLANG_WARN_UNGUARDED_AVAILABILITY = YES_AGGRESSIVE;
				CLANG_WARN_UNREACHABLE_CODE = YES;
				CLANG_WARN__DUPLICATE_METHOD_MATCH = YES;
				COPY_PHASE_STRIP = NO;
				DEBUG_INFORMATION_FORMAT = "dwarf-with-dsym";
				ENABLE_NS_ASSERTIONS = NO;
				ENABLE_STRICT_OBJC_MSGSEND = YES;
				GCC_C_LANGUAGE_STANDARD = gnu11;
				GCC_NO_COMMON_BLOCKS = YES;
				GCC_WARN_64_TO_32_BIT_CONVERSION = YES;
				GCC_WARN_ABOUT_RETURN_TYPE = YES_ERROR;
				GCC_WARN_UNDECLARED_SELECTOR = YES;
				GCC_WARN_UNINITIALIZED_AUTOS = YES_AGGRESSIVE;
				GCC_WARN_UNUSED_FUNCTION = YES;
				GCC_WARN_UNUSED_VARIABLE = YES;
				IPHONEOS_DEPLOYMENT_TARGET = 16.1;
				MTL_ENABLE_DEBUG_INFO = NO;
				MTL_FAST_MATH = YES;
				SDKROOT = iphoneos;
				SWIFT_COMPILATION_MODE = wholemodule;
				SWIFT_OPTIMIZATION_LEVEL = "-O";
				VALIDATE_PRODUCT = YES;
			};
			name = Release;
		};
		FCE9BDAB293A27E400220BC1 /* Debug */ = {
			isa = XCBuildConfiguration;
			buildSettings = {
				ASSETCATALOG_COMPILER_APPICON_NAME = AppIcon;
				ASSETCATALOG_COMPILER_GLOBAL_ACCENT_COLOR_NAME = AccentColor;
				CODE_SIGN_STYLE = Automatic;
				CURRENT_PROJECT_VERSION = 1;
				DEVELOPMENT_TEAM = 63B3Q6Q94M;
				GENERATE_INFOPLIST_FILE = YES;
				INFOPLIST_FILE = Xylophone/Info.plist;
				INFOPLIST_KEY_UIApplicationSupportsIndirectInputEvents = YES;
				INFOPLIST_KEY_UILaunchStoryboardName = LaunchScreen;
				INFOPLIST_KEY_UIMainStoryboardFile = Main;
				INFOPLIST_KEY_UISupportedInterfaceOrientations = "UIInterfaceOrientationLandscapeLeft UIInterfaceOrientationLandscapeRight UIInterfaceOrientationPortrait";
				LD_RUNPATH_SEARCH_PATHS = (
					"$(inherited)",
					"@executable_path/Frameworks",
				);
				MARKETING_VERSION = 1.0;
				PRODUCT_BUNDLE_IDENTIFIER = com.astra23k.Xylophone;
				PRODUCT_NAME = "$(TARGET_NAME)";
				SWIFT_EMIT_LOC_STRINGS = YES;
				SWIFT_VERSION = 5.0;
				TARGETED_DEVICE_FAMILY = "1,2";
			};
			name = Debug;
		};
		FCE9BDAC293A27E400220BC1 /* Release */ = {
			isa = XCBuildConfiguration;
			buildSettings = {
				ASSETCATALOG_COMPILER_APPICON_NAME = AppIcon;
				ASSETCATALOG_COMPILER_GLOBAL_ACCENT_COLOR_NAME = AccentColor;
				CODE_SIGN_STYLE = Automatic;
				CURRENT_PROJECT_VERSION = 1;
				DEVELOPMENT_TEAM = 63B3Q6Q94M;
				GENERATE_INFOPLIST_FILE = YES;
				INFOPLIST_FILE = Xylophone/Info.plist;
				INFOPLIST_KEY_UIApplicationSupportsIndirectInputEvents = YES;
				INFOPLIST_KEY_UILaunchStoryboardName = LaunchScreen;
				INFOPLIST_KEY_UIMainStoryboardFile = Main;
				INFOPLIST_KEY_UISupportedInterfaceOrientations = "UIInterfaceOrientationLandscapeLeft UIInterfaceOrientationLandscapeRight UIInterfaceOrientationPortrait";
				LD_RUNPATH_SEARCH_PATHS = (
					"$(inherited)",
					"@executable_path/Frameworks",
				);
				MARKETING_VERSION = 1.0;
				PRODUCT_BUNDLE_IDENTIFIER = com.astra23k.Xylophone;
				PRODUCT_NAME = "$(TARGET_NAME)";
				SWIFT_EMIT_LOC_STRINGS = YES;
				SWIFT_VERSION = 5.0;
				TARGETED_DEVICE_FAMILY = "1,2";
			};
			name = Release;
		};
/* End XCBuildConfiguration section */

/* Begin XCConfigurationList section */
		FCE9BD91293A27E200220BC1 /* Build configuration list for PBXProject "Xylophone" */ = {
			isa = XCConfigurationList;
			buildConfigurations = (
				FCE9BDA8293A27E400220BC1 /* Debug */,
				FCE9BDA9293A27E400220BC1 /* Release */,
			);
			defaultConfigurationIsVisible = 0;
			defaultConfigurationName = Release;
		};
		FCE9BDAA293A27E400220BC1 /* Build configuration list for PBXNativeTarget "Xylophone" */ = {
			isa = XCConfigurationList;
			buildConfigurations = (
				FCE9BDAB293A27E400220BC1 /* Debug */,
				FCE9BDAC293A27E400220BC1 /* Release */,
			);
			defaultConfigurationIsVisible = 0;
			defaultConfigurationName = Release;
		};
/* End XCConfigurationList section */
	};
	rootObject = FCE9BD8E293A27E200220BC1 /* Project object */;
}
